
Microsoft Visual Studio Solution File, Format Version 12.00
# Visual Studio Version 17
VisualStudioVersion = 17.1.32210.238
MinimumVisualStudioVersion = 10.0.40219.1
Project("{FAE04EC0-301F-11D3-BF4B-00C04F79EFBC}") = "MazeReDo", "MazeReDo.csproj", "{B41BC37B-9CB4-4101-9149-3499AD97397B}"
EndProject
Global
	GlobalSection(SolutionConfigurationPlatforms) = preSolution
		Debug|Any CPU = Debug|Any CPU
		Release|Any CPU = Release|Any CPU
	EndGlobalSection
	GlobalSection(ProjectConfigurationPlatforms) = postSolution
		{B41BC37B-9CB4-4101-9149-3499AD97397B}.Debug|Any CPU.ActiveCfg = Debug|Any CPU
		{B41BC37B-9CB4-4101-9149-3499AD97397B}.Debug|Any CPU.Build.0 = Debug|Any CPU
		{B41BC37B-9CB4-4101-9149-3499AD97397B}.Release|Any CPU.ActiveCfg = Release|Any CPU
		{B41BC37B-9CB4-4101-9149-3499AD97397B}.Release|Any CPU.Build.0 = Release|Any CPU
	EndGlobalSection
	GlobalSection(SolutionProperties) = preSolution
		HideSolutionNode = FALSE
	EndGlobalSection
	GlobalSection(ExtensibilityGlobals) = postSolution
		SolutionGuid = {AC314586-D049-47B8-AD68-0935F7D9D9EB}
	EndGlobalSection
EndGlobal
